
Microsoft Visual Studio Solution File, Format Version 12.00
Project("{FAE04EC0-301F-11D3-BF4B-00C04F79EFBC}") = "PROG", "PROG\PROG.csproj", "{ECEB0362-03A9-44C0-A0DC-024DCF3BE169}"
EndProject
Global
	GlobalSection(SolutionConfigurationPlatforms) = preSolution
		Debug|Any CPU = Debug|Any CPU
		Release|Any CPU = Release|Any CPU
	EndGlobalSection
	GlobalSection(ProjectConfigurationPlatforms) = postSolution
		{ECEB0362-03A9-44C0-A0DC-024DCF3BE169}.Debug|Any CPU.ActiveCfg = Debug|Any CPU
		{ECEB0362-03A9-44C0-A0DC-024DCF3BE169}.Debug|Any CPU.Build.0 = Debug|Any CPU
		{ECEB0362-03A9-44C0-A0DC-024DCF3BE169}.Release|Any CPU.ActiveCfg = Release|Any CPU
		{ECEB0362-03A9-44C0-A0DC-024DCF3BE169}.Release|Any CPU.Build.0 = Release|Any CPU
	EndGlobalSection
EndGlobal
